
Microsoft Visual Studio Solution File, Format Version 12.00
# Visual Studio Version 17
VisualStudioVersion = 17.8.34322.80
MinimumVisualStudioVersion = 10.0.40219.1
Project("{FAE04EC0-301F-11D3-BF4B-00C04F79EFBC}") = "AngularAuthAPI", "AngularAuthAPI\AngularAuthAPI.csproj", "{3457F953-81E9-466A-A556-28FE71BFA273}"
EndProject
Global
	GlobalSection(SolutionConfigurationPlatforms) = preSolution
		Debug|Any CPU = Debug|Any CPU
		Release|Any CPU = Release|Any CPU
	EndGlobalSection
	GlobalSection(ProjectConfigurationPlatforms) = postSolution
		{3457F953-81E9-466A-A556-28FE71BFA273}.Debug|Any CPU.ActiveCfg = Debug|Any CPU
		{3457F953-81E9-466A-A556-28FE71BFA273}.Debug|Any CPU.Build.0 = Debug|Any CPU
		{3457F953-81E9-466A-A556-28FE71BFA273}.Release|Any CPU.ActiveCfg = Release|Any CPU
		{3457F953-81E9-466A-A556-28FE71BFA273}.Release|Any CPU.Build.0 = Release|Any CPU
	EndGlobalSection
	GlobalSection(SolutionProperties) = preSolution
		HideSolutionNode = FALSE
	EndGlobalSection
	GlobalSection(ExtensibilityGlobals) = postSolution
		SolutionGuid = {758ED126-71A5-4BCA-8282-B9962D26C96E}
	EndGlobalSection
EndGlobal
